<?xml version="1.0" encoding="utf-8"?>
<Project ToolsVersion="4.0" xmlns="http://schemas.microsoft.com/developer/msbuild/2003">
  <ItemGroup>
    <Filter Include="Source Files">
      <UniqueIdentifier>{4FC737F1-C7A5-4376-A066-2A32D752A2FF}</UniqueIdentifier>
      <Extensions>cpp;c;cc;cxx;def;odl;idl;hpj;bat;asm;asmx</Extensions>
    </Filter>
    <Filter Include="Header Files">
      <UniqueIdentifier>{93995380-89BD-4b04-88EB-625FBE52EBFB}</UniqueIdentifier>
      <Extensions>h;hh;hpp;hxx;hm;inl;inc;xsd</Extensions>
    </Filter>
    <Filter Include="Resource Files">
      <UniqueIdentifier>{67DA6AB6-F800-4c08-8B7A-83BB121AAD01}</UniqueIdentifier>
      <Extensions>rc;ico;cur;bmp;dlg;rc2;rct;bin;rgs;gif;jpg;jpeg;jpe;resx;tiff;tif;png;wav</Extensions>
    </Filter>
    <Filter Include="Header Files\DS">
      <UniqueIdentifier>{19173d5c-908b-4b1c-ab46-30e7e1b65d3f}</UniqueIdentifier>
    </Filter>
    <Filter Include="Source Files\DS">
      <UniqueIdentifier>{fd647680-f9b1-4de0-85ef-70046e78eee6}</UniqueIdentifier>
    </Filter>
  </ItemGroup>
  <ItemGroup>
    <ClCompile Include="App.cpp">
      <Filter>Source Files</Filter>
    </ClCompile>
    <ClCompile Include="Candidate.cpp">
      <Filter>Source Files</Filter>
    </ClCompile>
    <ClCompile Include="District.cpp">
      <Filter>Source Files</Filter>
    </ClCompile>
    <ClCompile Include="Group.cpp">
      <Filter>Source Files</Filter>
    </ClCompile>
    <ClCompile Include="IndexedObject.cpp">
      <Filter>Source Files</Filter>
    </ClCompile>
    <ClCompile Include="main.cpp">
      <Filter>Source Files</Filter>
    </ClCompile>
    <ClCompile Include="Zone.cpp">
      <Filter>Source Files</Filter>
    </ClCompile>
    <ClCompile Include="DSRoutines.cpp">
      <Filter>Source Files\DS</Filter>
    </ClCompile>
    <ClCompile Include="Structure.cpp">
      <Filter>Source Files\DS</Filter>
    </ClCompile>
    <ClCompile Include="Vector.cpp">
      <Filter>Source Files\DS</Filter>
    </ClCompile>
    <ClCompile Include="cli.cpp">
      <Filter>Source Files</Filter>
    </ClCompile>
    <ClCompile Include="StructuresFactory.cpp">
      <Filter>Source Files</Filter>
    </ClCompile>
  </ItemGroup>
  <ItemGroup>
    <ClInclude Include="App.h">
      <Filter>Header Files</Filter>
    </ClInclude>
    <ClInclude Include="Candidate.h">
      <Filter>Header Files</Filter>
    </ClInclude>
    <ClInclude Include="District.h">
      <Filter>Header Files</Filter>
    </ClInclude>
    <ClInclude Include="Group.h">
      <Filter>Header Files</Filter>
    </ClInclude>
    <ClInclude Include="Zone.h">
      <Filter>Header Files</Filter>
    </ClInclude>
    <ClInclude Include="Array.h">
      <Filter>Header Files\DS</Filter>
    </ClInclude>
    <ClInclude Include="ArrayList.h">
      <Filter>Header Files\DS</Filter>
    </ClInclude>
    <ClInclude Include="BST.h">
      <Filter>Header Files\DS</Filter>
    </ClInclude>
    <ClInclude Include="DSRoutines.h">
      <Filter>Header Files\DS</Filter>
    </ClInclude>
    <ClInclude Include="ExplicitQueue.h">
      <Filter>Header Files\DS</Filter>
    </ClInclude>
    <ClInclude Include="ExplicitStack.h">
      <Filter>Header Files\DS</Filter>
    </ClInclude>
    <ClInclude Include="HashTable.h">
      <Filter>Header Files\DS</Filter>
    </ClInclude>
    <ClInclude Include="ImplicitQueue.h">
      <Filter>Header Files\DS</Filter>
    </ClInclude>
    <ClInclude Include="ImplicitStack.h">
      <Filter>Header Files\DS</Filter>
    </ClInclude>
    <ClInclude Include="Iterator.h">
      <Filter>Header Files\DS</Filter>
    </ClInclude>
    <ClInclude Include="LinkedList.h">
      <Filter>Header Files\DS</Filter>
    </ClInclude>
    <ClInclude Include="List.h">
      <Filter>Header Files\DS</Filter>
    </ClInclude>
    <ClInclude Include="PriorityQueue.h">
      <Filter>Header Files\DS</Filter>
    </ClInclude>
    <ClInclude Include="PriorityQueue_ArrayList.h">
      <Filter>Header Files\DS</Filter>
    </ClInclude>
    <ClInclude Include="PriorityQueue_ArrayList_Sorted.h">
      <Filter>Header Files\DS</Filter>
    </ClInclude>
    <ClInclude Include="PriorityQueue_ArrayList_Unsorted.h">
      <Filter>Header Files\DS</Filter>
    </ClInclude>
    <ClInclude Include="PriorityQueue_Heap.h">
      <Filter>Header Files\DS</Filter>
    </ClInclude>
    <ClInclude Include="PriorityQueue_LinkedList.h">
      <Filter>Header Files\DS</Filter>
    </ClInclude>
    <ClInclude Include="PriorityQueue_TwoLists.h">
      <Filter>Header Files\DS</Filter>
    </ClInclude>
    <ClInclude Include="PriorityQueue_List.h">
      <Filter>Header Files\DS</Filter>
    </ClInclude>
    <ClInclude Include="Queue.h">
      <Filter>Header Files\DS</Filter>
    </ClInclude>
    <ClInclude Include="Stack.h">
      <Filter>Header Files\DS</Filter>
    </ClInclude>
    <ClInclude Include="StructureID.h">
      <Filter>Header Files\DS</Filter>
    </ClInclude>
    <ClInclude Include="StructureItem.h">
      <Filter>Header Files\DS</Filter>
    </ClInclude>
    <ClInclude Include="Structure.h">
      <Filter>Header Files\DS</Filter>
    </ClInclude>
    <ClInclude Include="Table.h">
      <Filter>Header Files\DS</Filter>
    </ClInclude>
    <ClInclude Include="Table_ArrayList_Sorted.h">
      <Filter>Header Files\DS</Filter>
    </ClInclude>
    <ClInclude Include="Table_ArrayList_Unsorted.h">
      <Filter>Header Files\DS</Filter>
    </ClInclude>
    <ClInclude Include="Table_Diamond.h">
      <Filter>Header Files\DS</Filter>
    </ClInclude>
    <ClInclude Include="Table_List.h">
      <Filter>Header Files\DS</Filter>
    </ClInclude>
    <ClInclude Include="Treap.h">
      <Filter>Header Files\DS</Filter>
    </ClInclude>
    <ClInclude Include="IndexedObject.h">
      <Filter>Header Files</Filter>
    </ClInclude>
    <ClInclude Include="cli.h">
      <Filter>Header Files</Filter>
    </ClInclude>
    <ClInclude Include="Sortable_Unsorted_TableList.h">
      <Filter>Header Files\DS</Filter>
    </ClInclude>
    <ClInclude Include="Vector.h">
      <Filter>Header Files\DS</Filter>
    </ClInclude>
    <ClInclude Include="StructuresFactory.h">
      <Filter>Header Files</Filter>
    </ClInclude>
  </ItemGroup>
  <ItemGroup>
    <None Include="Suhrnne_vysledky_okrsky.csv" />
    <None Include="UpgradeLog.htm" />
    <None Include="UpgradeLog2.htm" />
    <None Include="Vysledky_pre_PS_kraje.csv" />
    <None Include="Vysledky_pre_PS_okrsky.csv" />
    <None Include="Vysledky_pre_PS_SR.csv" />
    <None Include="Vysledky_prednostneho_hlasovania_okresy.csv" />
    <None Include="Vysledky_prednostneho_hlasovania_okrsky.csv" />
  </ItemGroup>
</Project>